
Microsoft Visual Studio Solution File, Format Version 12.00
# Visual Studio Version 16
VisualStudioVersion = 25.0.1706.7
MinimumVisualStudioVersion = 10.0.40219.1
Project("{FAE04EC0-301F-11D3-BF4B-00C04F79EFBC}") = "lab1.4", "lab1.4\lab1.4.csproj", "{B605B87A-A3C9-4F14-9218-7AB958F34B52}"
EndProject
Global
	GlobalSection(SolutionConfigurationPlatforms) = preSolution
		Debug|Any CPU = Debug|Any CPU
		Release|Any CPU = Release|Any CPU
	EndGlobalSection
	GlobalSection(ProjectConfigurationPlatforms) = postSolution
		{B605B87A-A3C9-4F14-9218-7AB958F34B52}.Debug|Any CPU.ActiveCfg = Debug|Any CPU
		{B605B87A-A3C9-4F14-9218-7AB958F34B52}.Debug|Any CPU.Build.0 = Debug|Any CPU
		{B605B87A-A3C9-4F14-9218-7AB958F34B52}.Release|Any CPU.ActiveCfg = Release|Any CPU
		{B605B87A-A3C9-4F14-9218-7AB958F34B52}.Release|Any CPU.Build.0 = Release|Any CPU
	EndGlobalSection
	GlobalSection(SolutionProperties) = preSolution
		HideSolutionNode = FALSE
	EndGlobalSection
	GlobalSection(ExtensibilityGlobals) = postSolution
		SolutionGuid = {4D3F861A-7198-408B-B30E-672C8F87BFBB}
	EndGlobalSection
EndGlobal
