
Microsoft Visual Studio Solution File, Format Version 12.00
# Visual Studio Version 16
VisualStudioVersion = 25.0.1706.7
MinimumVisualStudioVersion = 10.0.40219.1
Project("{FAE04EC0-301F-11D3-BF4B-00C04F79EFBC}") = "lab2.3", "lab2.3\lab2.3.csproj", "{4DFAFD46-6337-427E-A319-2A1A8CA7A7E1}"
EndProject
Global
	GlobalSection(SolutionConfigurationPlatforms) = preSolution
		Debug|Any CPU = Debug|Any CPU
		Release|Any CPU = Release|Any CPU
	EndGlobalSection
	GlobalSection(ProjectConfigurationPlatforms) = postSolution
		{4DFAFD46-6337-427E-A319-2A1A8CA7A7E1}.Debug|Any CPU.ActiveCfg = Debug|Any CPU
		{4DFAFD46-6337-427E-A319-2A1A8CA7A7E1}.Debug|Any CPU.Build.0 = Debug|Any CPU
		{4DFAFD46-6337-427E-A319-2A1A8CA7A7E1}.Release|Any CPU.ActiveCfg = Release|Any CPU
		{4DFAFD46-6337-427E-A319-2A1A8CA7A7E1}.Release|Any CPU.Build.0 = Release|Any CPU
	EndGlobalSection
	GlobalSection(SolutionProperties) = preSolution
		HideSolutionNode = FALSE
	EndGlobalSection
	GlobalSection(ExtensibilityGlobals) = postSolution
		SolutionGuid = {BEF95B19-27AF-42A2-BC9C-72BBE4C7E1CF}
	EndGlobalSection
EndGlobal
